{
  "name": "spdx",
  "version": "0.0.1",
  "lockfileVersion": 1,
  "requires": true,
  "dependencies": {
    "spdx-license-list": {
      "version": "6.0.0",
      "resolved": "https://registry.npmjs.org/spdx-license-list/-/spdx-license-list-6.0.0.tgz",
      "integrity": "sha512-TIwgF7P7bE3MLnE5Oh1zgMNu6W0An1ASf8uoe3P3ZA3sVf4nJ9m9XDzudKYrmWVZ4TR0i/7tWfaH2AWPtc46Ag=="
    }
  }
}
